
Microsoft Visual Studio Solution File, Format Version 12.00
# Visual Studio Version 17
VisualStudioVersion = 17.5.33530.505
MinimumVisualStudioVersion = 10.0.40219.1
Project("{8BC9CEB8-8B4A-11D0-8D11-00A0C91BC942}") = "2023AdventOfCode", "2023AdventOfCode.vcxproj", "{9CB6F354-A639-4593-9C15-88CBB68A8753}"
EndProject
Global
	GlobalSection(SolutionConfigurationPlatforms) = preSolution
		Debug|x64 = Debug|x64
		Debug|x86 = Debug|x86
		Release|x64 = Release|x64
		Release|x86 = Release|x86
	EndGlobalSection
	GlobalSection(ProjectConfigurationPlatforms) = postSolution
		{9CB6F354-A639-4593-9C15-88CBB68A8753}.Debug|x64.ActiveCfg = Debug|x64
		{9CB6F354-A639-4593-9C15-88CBB68A8753}.Debug|x64.Build.0 = Debug|x64
		{9CB6F354-A639-4593-9C15-88CBB68A8753}.Debug|x86.ActiveCfg = Debug|Win32
		{9CB6F354-A639-4593-9C15-88CBB68A8753}.Debug|x86.Build.0 = Debug|Win32
		{9CB6F354-A639-4593-9C15-88CBB68A8753}.Release|x64.ActiveCfg = Release|x64
		{9CB6F354-A639-4593-9C15-88CBB68A8753}.Release|x64.Build.0 = Release|x64
		{9CB6F354-A639-4593-9C15-88CBB68A8753}.Release|x86.ActiveCfg = Release|Win32
		{9CB6F354-A639-4593-9C15-88CBB68A8753}.Release|x86.Build.0 = Release|Win32
	EndGlobalSection
	GlobalSection(SolutionProperties) = preSolution
		HideSolutionNode = FALSE
	EndGlobalSection
	GlobalSection(ExtensibilityGlobals) = postSolution
		SolutionGuid = {2ADB3FD0-9C88-42A6-A5B0-71EC7CA2F383}
	EndGlobalSection
EndGlobal
