
Microsoft Visual Studio Solution File, Format Version 12.00
# Visual Studio 15
VisualStudioVersion = 15.0.28307.271
MinimumVisualStudioVersion = 10.0.40219.1
Project("{8BC9CEB8-8B4A-11D0-8D11-00A0C91BC942}") = "ID02_Even_Fibonacci_numbers", "ID02_Even_Fibonacci_numbers\ID02_Even_Fibonacci_numbers.vcxproj", "{B682F132-D223-4471-A993-DC8967F4871A}"
EndProject
Project("{8BC9CEB8-8B4A-11D0-8D11-00A0C91BC942}") = "ID03_Largest_prime_factor", "ID03_Largest_prime_factor\ID03_Largest_prime_factor.vcxproj", "{8EBA3CBC-3A14-4B4A-B512-A0762997DAC9}"
EndProject
Project("{8BC9CEB8-8B4A-11D0-8D11-00A0C91BC942}") = "ID04_Largest_palindrome_product", "ID04_Largest_palindrome_product\ID04_Largest_palindrome_product.vcxproj", "{90FC4822-175F-4364-A9D8-788900D8254B}"
EndProject
Project("{8BC9CEB8-8B4A-11D0-8D11-00A0C91BC942}") = "ID05_Smallest_multiple", "ID05_Smallest_multiple\ID05_Smallest_multiple.vcxproj", "{9A7DC190-AB13-476F-83DF-7916BE7317D0}"
EndProject
Project("{8BC9CEB8-8B4A-11D0-8D11-00A0C91BC942}") = "ID01_Mult_of_3_and_5", "ID01_Mult_of_3_and_5\ID01_Mult_of_3_and_5.vcxproj", "{2C217D28-4DCC-4133-B700-758379F81793}"
EndProject
Project("{8BC9CEB8-8B4A-11D0-8D11-00A0C91BC942}") = "ID54_Poker_hands", "ID54_Poker_hands\ID54_Poker_hands.vcxproj", "{19CD89E5-4C35-4B5D-957D-D4878201E538}"
EndProject
Project("{8BC9CEB8-8B4A-11D0-8D11-00A0C91BC942}") = "ID54_Poker_hands_test", "ID54_Poker_hands\ID54_Poker_hands_test\ID54_Poker_hands_test.vcxproj", "{BCB476D1-A0AE-4440-AAC4-AE38C3F26819}"
EndProject
Global
	GlobalSection(SolutionConfigurationPlatforms) = preSolution
		Debug|x64 = Debug|x64
		Debug|x86 = Debug|x86
		Release|x64 = Release|x64
		Release|x86 = Release|x86
		Test|x64 = Test|x64
		Test|x86 = Test|x86
	EndGlobalSection
	GlobalSection(ProjectConfigurationPlatforms) = postSolution
		{B682F132-D223-4471-A993-DC8967F4871A}.Debug|x64.ActiveCfg = Debug|x64
		{B682F132-D223-4471-A993-DC8967F4871A}.Debug|x64.Build.0 = Debug|x64
		{B682F132-D223-4471-A993-DC8967F4871A}.Debug|x86.ActiveCfg = Debug|Win32
		{B682F132-D223-4471-A993-DC8967F4871A}.Debug|x86.Build.0 = Debug|Win32
		{B682F132-D223-4471-A993-DC8967F4871A}.Release|x64.ActiveCfg = Release|x64
		{B682F132-D223-4471-A993-DC8967F4871A}.Release|x64.Build.0 = Release|x64
		{B682F132-D223-4471-A993-DC8967F4871A}.Release|x86.ActiveCfg = Release|Win32
		{B682F132-D223-4471-A993-DC8967F4871A}.Release|x86.Build.0 = Release|Win32
		{B682F132-D223-4471-A993-DC8967F4871A}.Test|x64.ActiveCfg = Test|x64
		{B682F132-D223-4471-A993-DC8967F4871A}.Test|x64.Build.0 = Test|x64
		{B682F132-D223-4471-A993-DC8967F4871A}.Test|x86.ActiveCfg = Test|Win32
		{B682F132-D223-4471-A993-DC8967F4871A}.Test|x86.Build.0 = Test|Win32
		{8EBA3CBC-3A14-4B4A-B512-A0762997DAC9}.Debug|x64.ActiveCfg = Debug|x64
		{8EBA3CBC-3A14-4B4A-B512-A0762997DAC9}.Debug|x64.Build.0 = Debug|x64
		{8EBA3CBC-3A14-4B4A-B512-A0762997DAC9}.Debug|x86.ActiveCfg = Debug|Win32
		{8EBA3CBC-3A14-4B4A-B512-A0762997DAC9}.Debug|x86.Build.0 = Debug|Win32
		{8EBA3CBC-3A14-4B4A-B512-A0762997DAC9}.Release|x64.ActiveCfg = Release|x64
		{8EBA3CBC-3A14-4B4A-B512-A0762997DAC9}.Release|x64.Build.0 = Release|x64
		{8EBA3CBC-3A14-4B4A-B512-A0762997DAC9}.Release|x86.ActiveCfg = Release|Win32
		{8EBA3CBC-3A14-4B4A-B512-A0762997DAC9}.Release|x86.Build.0 = Release|Win32
		{8EBA3CBC-3A14-4B4A-B512-A0762997DAC9}.Test|x64.ActiveCfg = Test|x64
		{8EBA3CBC-3A14-4B4A-B512-A0762997DAC9}.Test|x64.Build.0 = Test|x64
		{8EBA3CBC-3A14-4B4A-B512-A0762997DAC9}.Test|x86.ActiveCfg = Test|Win32
		{8EBA3CBC-3A14-4B4A-B512-A0762997DAC9}.Test|x86.Build.0 = Test|Win32
		{90FC4822-175F-4364-A9D8-788900D8254B}.Debug|x64.ActiveCfg = Debug|x64
		{90FC4822-175F-4364-A9D8-788900D8254B}.Debug|x64.Build.0 = Debug|x64
		{90FC4822-175F-4364-A9D8-788900D8254B}.Debug|x86.ActiveCfg = Debug|Win32
		{90FC4822-175F-4364-A9D8-788900D8254B}.Debug|x86.Build.0 = Debug|Win32
		{90FC4822-175F-4364-A9D8-788900D8254B}.Release|x64.ActiveCfg = Release|x64
		{90FC4822-175F-4364-A9D8-788900D8254B}.Release|x64.Build.0 = Release|x64
		{90FC4822-175F-4364-A9D8-788900D8254B}.Release|x86.ActiveCfg = Release|Win32
		{90FC4822-175F-4364-A9D8-788900D8254B}.Release|x86.Build.0 = Release|Win32
		{90FC4822-175F-4364-A9D8-788900D8254B}.Test|x64.ActiveCfg = Release|x64
		{90FC4822-175F-4364-A9D8-788900D8254B}.Test|x64.Build.0 = Release|x64
		{90FC4822-175F-4364-A9D8-788900D8254B}.Test|x86.ActiveCfg = Release|Win32
		{90FC4822-175F-4364-A9D8-788900D8254B}.Test|x86.Build.0 = Release|Win32
		{9A7DC190-AB13-476F-83DF-7916BE7317D0}.Debug|x64.ActiveCfg = Debug|x64
		{9A7DC190-AB13-476F-83DF-7916BE7317D0}.Debug|x64.Build.0 = Debug|x64
		{9A7DC190-AB13-476F-83DF-7916BE7317D0}.Debug|x86.ActiveCfg = Debug|Win32
		{9A7DC190-AB13-476F-83DF-7916BE7317D0}.Debug|x86.Build.0 = Debug|Win32
		{9A7DC190-AB13-476F-83DF-7916BE7317D0}.Release|x64.ActiveCfg = Release|x64
		{9A7DC190-AB13-476F-83DF-7916BE7317D0}.Release|x64.Build.0 = Release|x64
		{9A7DC190-AB13-476F-83DF-7916BE7317D0}.Release|x86.ActiveCfg = Release|Win32
		{9A7DC190-AB13-476F-83DF-7916BE7317D0}.Release|x86.Build.0 = Release|Win32
		{9A7DC190-AB13-476F-83DF-7916BE7317D0}.Test|x64.ActiveCfg = Release|x64
		{9A7DC190-AB13-476F-83DF-7916BE7317D0}.Test|x64.Build.0 = Release|x64
		{9A7DC190-AB13-476F-83DF-7916BE7317D0}.Test|x86.ActiveCfg = Release|Win32
		{9A7DC190-AB13-476F-83DF-7916BE7317D0}.Test|x86.Build.0 = Release|Win32
		{2C217D28-4DCC-4133-B700-758379F81793}.Debug|x64.ActiveCfg = Debug|x64
		{2C217D28-4DCC-4133-B700-758379F81793}.Debug|x64.Build.0 = Debug|x64
		{2C217D28-4DCC-4133-B700-758379F81793}.Debug|x86.ActiveCfg = Debug|Win32
		{2C217D28-4DCC-4133-B700-758379F81793}.Debug|x86.Build.0 = Debug|Win32
		{2C217D28-4DCC-4133-B700-758379F81793}.Release|x64.ActiveCfg = Release|x64
		{2C217D28-4DCC-4133-B700-758379F81793}.Release|x64.Build.0 = Release|x64
		{2C217D28-4DCC-4133-B700-758379F81793}.Release|x86.ActiveCfg = Release|Win32
		{2C217D28-4DCC-4133-B700-758379F81793}.Release|x86.Build.0 = Release|Win32
		{2C217D28-4DCC-4133-B700-758379F81793}.Test|x64.ActiveCfg = Test|x64
		{2C217D28-4DCC-4133-B700-758379F81793}.Test|x64.Build.0 = Test|x64
		{2C217D28-4DCC-4133-B700-758379F81793}.Test|x86.ActiveCfg = Test|Win32
		{2C217D28-4DCC-4133-B700-758379F81793}.Test|x86.Build.0 = Test|Win32
		{19CD89E5-4C35-4B5D-957D-D4878201E538}.Debug|x64.ActiveCfg = Debug|x64
		{19CD89E5-4C35-4B5D-957D-D4878201E538}.Debug|x64.Build.0 = Debug|x64
		{19CD89E5-4C35-4B5D-957D-D4878201E538}.Debug|x86.ActiveCfg = Debug|Win32
		{19CD89E5-4C35-4B5D-957D-D4878201E538}.Debug|x86.Build.0 = Debug|Win32
		{19CD89E5-4C35-4B5D-957D-D4878201E538}.Release|x64.ActiveCfg = Release|x64
		{19CD89E5-4C35-4B5D-957D-D4878201E538}.Release|x64.Build.0 = Release|x64
		{19CD89E5-4C35-4B5D-957D-D4878201E538}.Release|x86.ActiveCfg = Release|Win32
		{19CD89E5-4C35-4B5D-957D-D4878201E538}.Release|x86.Build.0 = Release|Win32
		{19CD89E5-4C35-4B5D-957D-D4878201E538}.Test|x64.ActiveCfg = Release|x64
		{19CD89E5-4C35-4B5D-957D-D4878201E538}.Test|x64.Build.0 = Release|x64
		{19CD89E5-4C35-4B5D-957D-D4878201E538}.Test|x86.ActiveCfg = Release|Win32
		{19CD89E5-4C35-4B5D-957D-D4878201E538}.Test|x86.Build.0 = Release|Win32
		{BCB476D1-A0AE-4440-AAC4-AE38C3F26819}.Debug|x64.ActiveCfg = Debug|x64
		{BCB476D1-A0AE-4440-AAC4-AE38C3F26819}.Debug|x64.Build.0 = Debug|x64
		{BCB476D1-A0AE-4440-AAC4-AE38C3F26819}.Debug|x86.ActiveCfg = Debug|Win32
		{BCB476D1-A0AE-4440-AAC4-AE38C3F26819}.Debug|x86.Build.0 = Debug|Win32
		{BCB476D1-A0AE-4440-AAC4-AE38C3F26819}.Release|x64.ActiveCfg = Release|x64
		{BCB476D1-A0AE-4440-AAC4-AE38C3F26819}.Release|x64.Build.0 = Release|x64
		{BCB476D1-A0AE-4440-AAC4-AE38C3F26819}.Release|x86.ActiveCfg = Release|Win32
		{BCB476D1-A0AE-4440-AAC4-AE38C3F26819}.Release|x86.Build.0 = Release|Win32
		{BCB476D1-A0AE-4440-AAC4-AE38C3F26819}.Test|x64.ActiveCfg = Release|x64
		{BCB476D1-A0AE-4440-AAC4-AE38C3F26819}.Test|x64.Build.0 = Release|x64
		{BCB476D1-A0AE-4440-AAC4-AE38C3F26819}.Test|x86.ActiveCfg = Release|Win32
		{BCB476D1-A0AE-4440-AAC4-AE38C3F26819}.Test|x86.Build.0 = Release|Win32
	EndGlobalSection
	GlobalSection(SolutionProperties) = preSolution
		HideSolutionNode = FALSE
	EndGlobalSection
	GlobalSection(ExtensibilityGlobals) = postSolution
		SolutionGuid = {81A0834C-27A9-4B90-8E7E-9929EE316BB6}
	EndGlobalSection
EndGlobal
